
Microsoft Visual Studio Solution File, Format Version 12.00
# Visual Studio Version 17
VisualStudioVersion = 17.7.34202.233
MinimumVisualStudioVersion = 10.0.40219.1
Project("{9A19103F-16F7-4668-BE54-9A1E7A4F7556}") = "Obfuscator", "Obfuscator\Obfuscator.csproj", "{FB592F5D-F063-42CE-B93A-2063EB0A57B1}"
EndProject
Project("{9A19103F-16F7-4668-BE54-9A1E7A4F7556}") = "Application", "Application\Application.csproj", "{3BC6AC3B-BAFA-4ACB-A649-76CE4EFE90F0}"
EndProject
Project("{FAE04EC0-301F-11D3-BF4B-00C04F79EFBC}") = "Utilities", "Utilities\Utilities.csproj", "{C657D491-69B9-458D-B5B9-3C475B63C651}"
EndProject
Global
	GlobalSection(SolutionConfigurationPlatforms) = preSolution
		Debug|Any CPU = Debug|Any CPU
		Release|Any CPU = Release|Any CPU
	EndGlobalSection
	GlobalSection(ProjectConfigurationPlatforms) = postSolution
		{FB592F5D-F063-42CE-B93A-2063EB0A57B1}.Debug|Any CPU.ActiveCfg = Debug|Any CPU
		{FB592F5D-F063-42CE-B93A-2063EB0A57B1}.Debug|Any CPU.Build.0 = Debug|Any CPU
		{FB592F5D-F063-42CE-B93A-2063EB0A57B1}.Release|Any CPU.ActiveCfg = Release|Any CPU
		{FB592F5D-F063-42CE-B93A-2063EB0A57B1}.Release|Any CPU.Build.0 = Release|Any CPU
		{3BC6AC3B-BAFA-4ACB-A649-76CE4EFE90F0}.Debug|Any CPU.ActiveCfg = Debug|Any CPU
		{3BC6AC3B-BAFA-4ACB-A649-76CE4EFE90F0}.Debug|Any CPU.Build.0 = Debug|Any CPU
		{3BC6AC3B-BAFA-4ACB-A649-76CE4EFE90F0}.Release|Any CPU.ActiveCfg = Release|Any CPU
		{3BC6AC3B-BAFA-4ACB-A649-76CE4EFE90F0}.Release|Any CPU.Build.0 = Release|Any CPU
		{C657D491-69B9-458D-B5B9-3C475B63C651}.Debug|Any CPU.ActiveCfg = Debug|Any CPU
		{C657D491-69B9-458D-B5B9-3C475B63C651}.Debug|Any CPU.Build.0 = Debug|Any CPU
		{C657D491-69B9-458D-B5B9-3C475B63C651}.Release|Any CPU.ActiveCfg = Release|Any CPU
		{C657D491-69B9-458D-B5B9-3C475B63C651}.Release|Any CPU.Build.0 = Release|Any CPU
	EndGlobalSection
	GlobalSection(SolutionProperties) = preSolution
		HideSolutionNode = FALSE
	EndGlobalSection
	GlobalSection(ExtensibilityGlobals) = postSolution
		SolutionGuid = {4227F568-C0DD-4054-A136-FD313CF65590}
	EndGlobalSection
EndGlobal
