
Microsoft Visual Studio Solution File, Format Version 12.00
# Visual Studio Version 17
VisualStudioVersion = 17.0.32002.185
MinimumVisualStudioVersion = 10.0.40219.1
Project("{FAE04EC0-301F-11D3-BF4B-00C04F79EFBC}") = "RustPlugins", "RustPlugins\RustPlugins.csproj", "{684836DC-F853-4CC8-A5B5-2163C9F85477}"
EndProject
Project("{FAE04EC0-301F-11D3-BF4B-00C04F79EFBC}") = "HarmonyMods", "HarmonyMods\HarmonyMods.csproj", "{BBACFCD6-62C9-4CDA-8FD6-EA34A3015E97}"
EndProject
Global
	GlobalSection(SolutionConfigurationPlatforms) = preSolution
		Debug|Any CPU = Debug|Any CPU
		Release|Any CPU = Release|Any CPU
	EndGlobalSection
	GlobalSection(ProjectConfigurationPlatforms) = postSolution
		{684836DC-F853-4CC8-A5B5-2163C9F85477}.Debug|Any CPU.ActiveCfg = Debug|Any CPU
		{684836DC-F853-4CC8-A5B5-2163C9F85477}.Debug|Any CPU.Build.0 = Debug|Any CPU
		{684836DC-F853-4CC8-A5B5-2163C9F85477}.Release|Any CPU.ActiveCfg = Release|Any CPU
		{684836DC-F853-4CC8-A5B5-2163C9F85477}.Release|Any CPU.Build.0 = Release|Any CPU
		{BBACFCD6-62C9-4CDA-8FD6-EA34A3015E97}.Debug|Any CPU.ActiveCfg = Debug|Any CPU
		{BBACFCD6-62C9-4CDA-8FD6-EA34A3015E97}.Debug|Any CPU.Build.0 = Debug|Any CPU
		{BBACFCD6-62C9-4CDA-8FD6-EA34A3015E97}.Release|Any CPU.ActiveCfg = Release|Any CPU
		{BBACFCD6-62C9-4CDA-8FD6-EA34A3015E97}.Release|Any CPU.Build.0 = Release|Any CPU
	EndGlobalSection
	GlobalSection(SolutionProperties) = preSolution
		HideSolutionNode = FALSE
	EndGlobalSection
	GlobalSection(ExtensibilityGlobals) = postSolution
		SolutionGuid = {08AF597A-04EA-4D27-A4C5-0AF846A7D13B}
	EndGlobalSection
EndGlobal
